
Microsoft Visual Studio Solution File, Format Version 12.00
# Visual Studio 15
VisualStudioVersion = 15.0.28010.2016
MinimumVisualStudioVersion = 10.0.40219.1
Project("{FAE04EC0-301F-11D3-BF4B-00C04F79EFBC}") = "MediaCollection", "MediaCollection\MediaCollection.csproj", "{01D382AB-8539-4AC1-8362-C640064460A8}"
EndProject
Project("{FAE04EC0-301F-11D3-BF4B-00C04F79EFBC}") = "MediaPlayer", "MediaPlayer\MediaPlayer.csproj", "{469E35F3-78A6-49AA-950F-E4ECF6F22BC9}"
EndProject
Global
	GlobalSection(SolutionConfigurationPlatforms) = preSolution
		Debug|Any CPU = Debug|Any CPU
		Release|Any CPU = Release|Any CPU
	EndGlobalSection
	GlobalSection(ProjectConfigurationPlatforms) = postSolution
		{01D382AB-8539-4AC1-8362-C640064460A8}.Debug|Any CPU.ActiveCfg = Debug|Any CPU
		{01D382AB-8539-4AC1-8362-C640064460A8}.Debug|Any CPU.Build.0 = Debug|Any CPU
		{01D382AB-8539-4AC1-8362-C640064460A8}.Release|Any CPU.ActiveCfg = Release|Any CPU
		{01D382AB-8539-4AC1-8362-C640064460A8}.Release|Any CPU.Build.0 = Release|Any CPU
		{469E35F3-78A6-49AA-950F-E4ECF6F22BC9}.Debug|Any CPU.ActiveCfg = Debug|Any CPU
		{469E35F3-78A6-49AA-950F-E4ECF6F22BC9}.Debug|Any CPU.Build.0 = Debug|Any CPU
		{469E35F3-78A6-49AA-950F-E4ECF6F22BC9}.Release|Any CPU.ActiveCfg = Release|Any CPU
		{469E35F3-78A6-49AA-950F-E4ECF6F22BC9}.Release|Any CPU.Build.0 = Release|Any CPU
	EndGlobalSection
	GlobalSection(SolutionProperties) = preSolution
		HideSolutionNode = FALSE
	EndGlobalSection
	GlobalSection(ExtensibilityGlobals) = postSolution
		SolutionGuid = {CADA6969-8F05-4513-A772-3EA76A36FC9B}
	EndGlobalSection
EndGlobal
